
Microsoft Visual Studio Solution File, Format Version 11.00
# Visual Studio 2010
Project("{FAE04EC0-301F-11D3-BF4B-00C04F79EFBC}") = "database", "database\database.csproj", "{C08FDDB5-5C59-4611-98E7-76674F290896}"
EndProject
Project("{FAE04EC0-301F-11D3-BF4B-00C04F79EFBC}") = "coreutilities2013", "coreutilities\coreutilities2013.csproj", "{6EAA0B60-70E3-49FB-88E9-272D2719CECF}"
EndProject
Project("{FAE04EC0-301F-11D3-BF4B-00C04F79EFBC}") = "Layout", "Layout\Layout.csproj", "{DA1AA77A-D94D-4F79-AC96-7BC9AF0AFB34}"
EndProject
Project("{FAE04EC0-301F-11D3-BF4B-00C04F79EFBC}") = "zUnitTestsForSolution", "zUnitTestsForSolution\zUnitTestsForSolution.csproj", "{F7DBB8CB-7B0B-40EA-BF65-A9F2668BE450}"
EndProject
Project("{FAE04EC0-301F-11D3-BF4B-00C04F79EFBC}") = "YOM2013", "YOM2013\YOM2013.csproj", "{5B046A7A-5C1B-4903-B077-4A6083E2E606}"
EndProject
Project("{FAE04EC0-301F-11D3-BF4B-00C04F79EFBC}") = "LayoutPanels", "LayoutPanels\LayoutPanels.csproj", "{77AADEE3-CCBF-4802-9703-30EA7A4424AC}"
EndProject
Project("{FAE04EC0-301F-11D3-BF4B-00C04F79EFBC}") = "ApplicationFramework", "ApplicationFramework\ApplicationFramework.csproj", "{1C8CC9F9-FD0A-4DDF-B227-61E8135DFCE5}"
EndProject
Project("{FAE04EC0-301F-11D3-BF4B-00C04F79EFBC}") = "MEF_Interfaces", "MEF_Interfaces\MEF_Interfaces.csproj", "{2E366A51-224A-4C3B-90D6-FE8C81C9EB78}"
EndProject
Project("{2150E333-8FDC-42A3-9474-1A3956D46DE8}") = "Addins", "Addins", "{01C11865-2A85-4386-935C-E28B9E8B2612}"
	ProjectSection(MonoDevelopProperties) = preProject
		BaseDirectory = ..\Addins
	EndProjectSection
EndProject
Project("{FAE04EC0-301F-11D3-BF4B-00C04F79EFBC}") = "Addin_MemoryTrack", "..\Addins\Addin_MemoryTrack\Addin_MemoryTrack.csproj", "{B9876312-84C9-4ECF-A245-B20AEA535B96}"
EndProject
Project("{FAE04EC0-301F-11D3-BF4B-00C04F79EFBC}") = "Addin_NoteDataXML_Picture", "..\Addins\Addin_NoteDataXML_Picture\Addin_NoteDataXML_Picture.csproj", "{3F04C173-401B-4719-83DF-A36B79A01EFE}"
EndProject
Project("{FAE04EC0-301F-11D3-BF4B-00C04F79EFBC}") = "Addin_SendTextAway", "..\Addins\Addin_SendTextAway\Addin_SendTextAway.csproj", "{D11FCD84-F7BD-47D9-A9F4-216319B5351C}"
EndProject
Project("{FAE04EC0-301F-11D3-BF4B-00C04F79EFBC}") = "Addin_Lookup_Word", "..\Addins\Addin_Lookup_Word\Addin_Lookup_Word.csproj", "{878F603F-60EC-4D2D-9FA0-07126F3B5D16}"
EndProject
Project("{FAE04EC0-301F-11D3-BF4B-00C04F79EFBC}") = "Addin_YourothermindMarkup", "..\Addins\Addin_YourothermindMarkup\Addin_YourothermindMarkup.csproj", "{A04A0908-E383-4ED9-9DBA-FB1B63041CB4}"
EndProject
Project("{FAE04EC0-301F-11D3-BF4B-00C04F79EFBC}") = "Addin_Worklog", "..\Addins\Addin_Worklog\Addin_Worklog.csproj", "{9FF7431C-7CEC-4806-8242-7766EFB8DF5D}"
EndProject
Project("{FAE04EC0-301F-11D3-BF4B-00C04F79EFBC}") = "Addin_Archive", "..\Addins\Addin_Archive\Addin_Archive.csproj", "{026DC0D9-1F00-4D35-BE7E-D9A99688E98E}"
EndProject
Project("{FAE04EC0-301F-11D3-BF4B-00C04F79EFBC}") = "DiffEngine", "DiffEngine\DiffEngine.csproj", "{6C81B0AE-623A-451B-AD77-23E5145D7024}"
EndProject
Project("{FAE04EC0-301F-11D3-BF4B-00C04F79EFBC}") = "Addin_NetSpell", "..\Addins\Addin_NetSpell\Addin_NetSpell.csproj", "{ACBCBE19-9467-4461-A45E-5E1BF018384A}"
EndProject
Project("{FAE04EC0-301F-11D3-BF4B-00C04F79EFBC}") = "AddIn_Proofread", "..\Addins\AddIn_Proofread\AddIn_Proofread.csproj", "{07B238DC-8029-4EE9-BDE7-A97AFDC6A4A1}"
EndProject
Project("{FAE04EC0-301F-11D3-BF4B-00C04F79EFBC}") = "RulesEngine", "..\Addins\RulesEngine\RulesEngine.csproj", "{E00FF039-A404-4F7D-862B-1AB602C150BF}"
EndProject
Project("{FAE04EC0-301F-11D3-BF4B-00C04F79EFBC}") = "Addin_Submissions", "..\Addins\Addin_Submissions\Addin_Submissions.csproj", "{C78868AA-CE73-4D41-88FA-DFDF90EC872F}"
EndProject
Project("{FAE04EC0-301F-11D3-BF4B-00C04F79EFBC}") = "Addin_Random", "..\Addins\Addin_Random\Addin_Random.csproj", "{D061CFA2-7B07-4A73-90EA-160E26C223CF}"
EndProject
Project("{FAE04EC0-301F-11D3-BF4B-00C04F79EFBC}") = "Addin_Programming_HeaderMaker", "..\Addins\Addin_Programming_HeaderMaker\Addin_Programming_HeaderMaker.csproj", "{174A1FE1-288F-4D0D-948C-5A51E1A7261F}"
EndProject
Project("{FAE04EC0-301F-11D3-BF4B-00C04F79EFBC}") = "AddIn_Scene_Shower", "..\Addins\AddIn_Scene_Shower\AddIn_Scene_Shower.csproj", "{6642D4DE-6E22-4195-A4A2-895D0B0B3A9A}"
EndProject
Project("{FAE04EC0-301F-11D3-BF4B-00C04F79EFBC}") = "Addin_KindleSales", "..\Addins\Addin_KindleSales\Addin_KindleSales.csproj", "{58368399-DAF0-45E2-8F65-E51CE54EDA6C}"
EndProject
Project("{FAE04EC0-301F-11D3-BF4B-00C04F79EFBC}") = "AddIn_Unit_Conversion", "..\Addins\AddIn_Unit_Conversion\AddIn_Unit_Conversion.csproj", "{24B62596-24A3-4331-A1D5-704CE2A68383}"
EndProject
Project("{FAE04EC0-301F-11D3-BF4B-00C04F79EFBC}") = "Addin_Checklist", "..\Addins\Addin_Checklist\Addin_Checklist.csproj", "{784045B2-20AA-47E9-8362-D655EA5A1983}"
EndProject
Project("{FAE04EC0-301F-11D3-BF4B-00C04F79EFBC}") = "Addin_Fact", "..\Addins\Addin_Fact\Addin_Fact.csproj", "{35EB45A4-41A2-4B1D-A17C-532725B11A38}"
EndProject
Project("{FAE04EC0-301F-11D3-BF4B-00C04F79EFBC}") = "Addin_Button", "..\Addins\Addin_Button\Addin_Button.csproj", "{08E9CE19-EC35-4EA5-84E2-ABEF3D30CFEB}"
EndProject
Project("{FAE04EC0-301F-11D3-BF4B-00C04F79EFBC}") = "Addin_File", "..\Addins\Addin_File\Addin_File.csproj", "{0DB762BB-0EEF-42E9-9851-7C92D0871829}"
EndProject
Project("{FAE04EC0-301F-11D3-BF4B-00C04F79EFBC}") = "TransactionSystem", "EventTable\TransactionSystem.csproj", "{015AC0C9-2F05-45BE-AD21-5A475AACA2D7}"
EndProject
Global
	GlobalSection(SolutionConfigurationPlatforms) = preSolution
		Debug|x86 = Debug|x86
		Release|x86 = Release|x86
	EndGlobalSection
	GlobalSection(ProjectConfigurationPlatforms) = postSolution
		{015AC0C9-2F05-45BE-AD21-5A475AACA2D7}.Debug|x86.ActiveCfg = Debug|x86
		{015AC0C9-2F05-45BE-AD21-5A475AACA2D7}.Debug|x86.Build.0 = Debug|x86
		{015AC0C9-2F05-45BE-AD21-5A475AACA2D7}.Release|x86.ActiveCfg = Release|x86
		{015AC0C9-2F05-45BE-AD21-5A475AACA2D7}.Release|x86.Build.0 = Release|x86
		{026DC0D9-1F00-4D35-BE7E-D9A99688E98E}.Debug|x86.ActiveCfg = Debug|x86
		{026DC0D9-1F00-4D35-BE7E-D9A99688E98E}.Debug|x86.Build.0 = Debug|x86
		{026DC0D9-1F00-4D35-BE7E-D9A99688E98E}.Release|x86.ActiveCfg = Release|x86
		{026DC0D9-1F00-4D35-BE7E-D9A99688E98E}.Release|x86.Build.0 = Release|x86
		{07B238DC-8029-4EE9-BDE7-A97AFDC6A4A1}.Debug|x86.ActiveCfg = Debug|x86
		{07B238DC-8029-4EE9-BDE7-A97AFDC6A4A1}.Debug|x86.Build.0 = Debug|x86
		{07B238DC-8029-4EE9-BDE7-A97AFDC6A4A1}.Release|x86.ActiveCfg = Release|x86
		{07B238DC-8029-4EE9-BDE7-A97AFDC6A4A1}.Release|x86.Build.0 = Release|x86
		{08E9CE19-EC35-4EA5-84E2-ABEF3D30CFEB}.Debug|x86.ActiveCfg = Debug|Any CPU
		{08E9CE19-EC35-4EA5-84E2-ABEF3D30CFEB}.Debug|x86.Build.0 = Debug|Any CPU
		{08E9CE19-EC35-4EA5-84E2-ABEF3D30CFEB}.Release|x86.ActiveCfg = Release|Any CPU
		{08E9CE19-EC35-4EA5-84E2-ABEF3D30CFEB}.Release|x86.Build.0 = Release|Any CPU
		{0DB762BB-0EEF-42E9-9851-7C92D0871829}.Debug|x86.ActiveCfg = Debug|Any CPU
		{0DB762BB-0EEF-42E9-9851-7C92D0871829}.Debug|x86.Build.0 = Debug|Any CPU
		{0DB762BB-0EEF-42E9-9851-7C92D0871829}.Release|x86.ActiveCfg = Release|Any CPU
		{0DB762BB-0EEF-42E9-9851-7C92D0871829}.Release|x86.Build.0 = Release|Any CPU
		{174A1FE1-288F-4D0D-948C-5A51E1A7261F}.Debug|x86.ActiveCfg = Debug|x86
		{174A1FE1-288F-4D0D-948C-5A51E1A7261F}.Debug|x86.Build.0 = Debug|x86
		{174A1FE1-288F-4D0D-948C-5A51E1A7261F}.Release|x86.ActiveCfg = Release|x86
		{174A1FE1-288F-4D0D-948C-5A51E1A7261F}.Release|x86.Build.0 = Release|x86
		{1C8CC9F9-FD0A-4DDF-B227-61E8135DFCE5}.Debug|x86.ActiveCfg = Debug|x86
		{1C8CC9F9-FD0A-4DDF-B227-61E8135DFCE5}.Debug|x86.Build.0 = Debug|x86
		{1C8CC9F9-FD0A-4DDF-B227-61E8135DFCE5}.Release|x86.ActiveCfg = Release|x86
		{1C8CC9F9-FD0A-4DDF-B227-61E8135DFCE5}.Release|x86.Build.0 = Release|x86
		{24B62596-24A3-4331-A1D5-704CE2A68383}.Debug|x86.ActiveCfg = Debug|x86
		{24B62596-24A3-4331-A1D5-704CE2A68383}.Debug|x86.Build.0 = Debug|x86
		{24B62596-24A3-4331-A1D5-704CE2A68383}.Release|x86.ActiveCfg = Release|x86
		{24B62596-24A3-4331-A1D5-704CE2A68383}.Release|x86.Build.0 = Release|x86
		{2E366A51-224A-4C3B-90D6-FE8C81C9EB78}.Debug|x86.ActiveCfg = Debug|Any CPU
		{2E366A51-224A-4C3B-90D6-FE8C81C9EB78}.Debug|x86.Build.0 = Debug|Any CPU
		{2E366A51-224A-4C3B-90D6-FE8C81C9EB78}.Release|x86.ActiveCfg = Release|Any CPU
		{2E366A51-224A-4C3B-90D6-FE8C81C9EB78}.Release|x86.Build.0 = Release|Any CPU
		{35EB45A4-41A2-4B1D-A17C-532725B11A38}.Debug|x86.ActiveCfg = Debug|Any CPU
		{35EB45A4-41A2-4B1D-A17C-532725B11A38}.Debug|x86.Build.0 = Debug|Any CPU
		{35EB45A4-41A2-4B1D-A17C-532725B11A38}.Release|x86.ActiveCfg = Release|Any CPU
		{35EB45A4-41A2-4B1D-A17C-532725B11A38}.Release|x86.Build.0 = Release|Any CPU
		{3F04C173-401B-4719-83DF-A36B79A01EFE}.Debug|x86.ActiveCfg = Debug|x86
		{3F04C173-401B-4719-83DF-A36B79A01EFE}.Debug|x86.Build.0 = Debug|x86
		{3F04C173-401B-4719-83DF-A36B79A01EFE}.Release|x86.ActiveCfg = Release|x86
		{3F04C173-401B-4719-83DF-A36B79A01EFE}.Release|x86.Build.0 = Release|x86
		{58368399-DAF0-45E2-8F65-E51CE54EDA6C}.Debug|x86.ActiveCfg = Debug|x86
		{58368399-DAF0-45E2-8F65-E51CE54EDA6C}.Debug|x86.Build.0 = Debug|x86
		{58368399-DAF0-45E2-8F65-E51CE54EDA6C}.Release|x86.ActiveCfg = Release|x86
		{58368399-DAF0-45E2-8F65-E51CE54EDA6C}.Release|x86.Build.0 = Release|x86
		{5B046A7A-5C1B-4903-B077-4A6083E2E606}.Debug|x86.ActiveCfg = Debug|x86
		{5B046A7A-5C1B-4903-B077-4A6083E2E606}.Debug|x86.Build.0 = Debug|x86
		{5B046A7A-5C1B-4903-B077-4A6083E2E606}.Release|x86.ActiveCfg = Release|x86
		{5B046A7A-5C1B-4903-B077-4A6083E2E606}.Release|x86.Build.0 = Release|x86
		{6642D4DE-6E22-4195-A4A2-895D0B0B3A9A}.Debug|x86.ActiveCfg = Debug|x86
		{6642D4DE-6E22-4195-A4A2-895D0B0B3A9A}.Debug|x86.Build.0 = Debug|x86
		{6642D4DE-6E22-4195-A4A2-895D0B0B3A9A}.Release|x86.ActiveCfg = Release|x86
		{6642D4DE-6E22-4195-A4A2-895D0B0B3A9A}.Release|x86.Build.0 = Release|x86
		{6C81B0AE-623A-451B-AD77-23E5145D7024}.Debug|x86.ActiveCfg = Debug|x86
		{6C81B0AE-623A-451B-AD77-23E5145D7024}.Debug|x86.Build.0 = Debug|x86
		{6C81B0AE-623A-451B-AD77-23E5145D7024}.Release|x86.ActiveCfg = Release|x86
		{6C81B0AE-623A-451B-AD77-23E5145D7024}.Release|x86.Build.0 = Release|x86
		{6EAA0B60-70E3-49FB-88E9-272D2719CECF}.Debug|x86.ActiveCfg = Debug|Any CPU
		{6EAA0B60-70E3-49FB-88E9-272D2719CECF}.Debug|x86.Build.0 = Debug|Any CPU
		{6EAA0B60-70E3-49FB-88E9-272D2719CECF}.Release|x86.ActiveCfg = Release|Any CPU
		{6EAA0B60-70E3-49FB-88E9-272D2719CECF}.Release|x86.Build.0 = Release|Any CPU
		{77AADEE3-CCBF-4802-9703-30EA7A4424AC}.Debug|x86.ActiveCfg = Debug|x86
		{77AADEE3-CCBF-4802-9703-30EA7A4424AC}.Debug|x86.Build.0 = Debug|x86
		{77AADEE3-CCBF-4802-9703-30EA7A4424AC}.Release|x86.ActiveCfg = Release|x86
		{77AADEE3-CCBF-4802-9703-30EA7A4424AC}.Release|x86.Build.0 = Release|x86
		{784045B2-20AA-47E9-8362-D655EA5A1983}.Debug|x86.ActiveCfg = Debug|Any CPU
		{784045B2-20AA-47E9-8362-D655EA5A1983}.Debug|x86.Build.0 = Debug|Any CPU
		{784045B2-20AA-47E9-8362-D655EA5A1983}.Release|x86.ActiveCfg = Release|Any CPU
		{784045B2-20AA-47E9-8362-D655EA5A1983}.Release|x86.Build.0 = Release|Any CPU
		{878F603F-60EC-4D2D-9FA0-07126F3B5D16}.Debug|x86.ActiveCfg = Debug|x86
		{878F603F-60EC-4D2D-9FA0-07126F3B5D16}.Debug|x86.Build.0 = Debug|x86
		{878F603F-60EC-4D2D-9FA0-07126F3B5D16}.Release|x86.ActiveCfg = Release|x86
		{878F603F-60EC-4D2D-9FA0-07126F3B5D16}.Release|x86.Build.0 = Release|x86
		{9FF7431C-7CEC-4806-8242-7766EFB8DF5D}.Debug|x86.ActiveCfg = Debug|x86
		{9FF7431C-7CEC-4806-8242-7766EFB8DF5D}.Debug|x86.Build.0 = Debug|x86
		{9FF7431C-7CEC-4806-8242-7766EFB8DF5D}.Release|x86.ActiveCfg = Release|x86
		{9FF7431C-7CEC-4806-8242-7766EFB8DF5D}.Release|x86.Build.0 = Release|x86
		{A04A0908-E383-4ED9-9DBA-FB1B63041CB4}.Debug|x86.ActiveCfg = Debug|x86
		{A04A0908-E383-4ED9-9DBA-FB1B63041CB4}.Debug|x86.Build.0 = Debug|x86
		{A04A0908-E383-4ED9-9DBA-FB1B63041CB4}.Release|x86.ActiveCfg = Release|x86
		{A04A0908-E383-4ED9-9DBA-FB1B63041CB4}.Release|x86.Build.0 = Release|x86
		{ACBCBE19-9467-4461-A45E-5E1BF018384A}.Debug|x86.ActiveCfg = Debug|x86
		{ACBCBE19-9467-4461-A45E-5E1BF018384A}.Debug|x86.Build.0 = Debug|x86
		{ACBCBE19-9467-4461-A45E-5E1BF018384A}.Release|x86.ActiveCfg = Release|x86
		{ACBCBE19-9467-4461-A45E-5E1BF018384A}.Release|x86.Build.0 = Release|x86
		{B9876312-84C9-4ECF-A245-B20AEA535B96}.Debug|x86.ActiveCfg = Debug|x86
		{B9876312-84C9-4ECF-A245-B20AEA535B96}.Debug|x86.Build.0 = Debug|x86
		{B9876312-84C9-4ECF-A245-B20AEA535B96}.Release|x86.ActiveCfg = Release|x86
		{B9876312-84C9-4ECF-A245-B20AEA535B96}.Release|x86.Build.0 = Release|x86
		{C08FDDB5-5C59-4611-98E7-76674F290896}.Debug|x86.ActiveCfg = Debug|Any CPU
		{C08FDDB5-5C59-4611-98E7-76674F290896}.Debug|x86.Build.0 = Debug|Any CPU
		{C08FDDB5-5C59-4611-98E7-76674F290896}.Release|x86.ActiveCfg = Release|Any CPU
		{C08FDDB5-5C59-4611-98E7-76674F290896}.Release|x86.Build.0 = Release|Any CPU
		{C78868AA-CE73-4D41-88FA-DFDF90EC872F}.Debug|x86.ActiveCfg = Debug|x86
		{C78868AA-CE73-4D41-88FA-DFDF90EC872F}.Debug|x86.Build.0 = Debug|x86
		{C78868AA-CE73-4D41-88FA-DFDF90EC872F}.Release|x86.ActiveCfg = Release|x86
		{C78868AA-CE73-4D41-88FA-DFDF90EC872F}.Release|x86.Build.0 = Release|x86
		{D061CFA2-7B07-4A73-90EA-160E26C223CF}.Debug|x86.ActiveCfg = Debug|x86
		{D061CFA2-7B07-4A73-90EA-160E26C223CF}.Debug|x86.Build.0 = Debug|x86
		{D061CFA2-7B07-4A73-90EA-160E26C223CF}.Release|x86.ActiveCfg = Release|x86
		{D061CFA2-7B07-4A73-90EA-160E26C223CF}.Release|x86.Build.0 = Release|x86
		{D11FCD84-F7BD-47D9-A9F4-216319B5351C}.Debug|x86.ActiveCfg = Debug|x86
		{D11FCD84-F7BD-47D9-A9F4-216319B5351C}.Debug|x86.Build.0 = Debug|x86
		{D11FCD84-F7BD-47D9-A9F4-216319B5351C}.Release|x86.ActiveCfg = Release|x86
		{D11FCD84-F7BD-47D9-A9F4-216319B5351C}.Release|x86.Build.0 = Release|x86
		{DA1AA77A-D94D-4F79-AC96-7BC9AF0AFB34}.Debug|x86.ActiveCfg = Debug|Any CPU
		{DA1AA77A-D94D-4F79-AC96-7BC9AF0AFB34}.Debug|x86.Build.0 = Debug|Any CPU
		{DA1AA77A-D94D-4F79-AC96-7BC9AF0AFB34}.Release|x86.ActiveCfg = Release|Any CPU
		{DA1AA77A-D94D-4F79-AC96-7BC9AF0AFB34}.Release|x86.Build.0 = Release|Any CPU
		{E00FF039-A404-4F7D-862B-1AB602C150BF}.Debug|x86.ActiveCfg = Debug|x86
		{E00FF039-A404-4F7D-862B-1AB602C150BF}.Debug|x86.Build.0 = Debug|x86
		{E00FF039-A404-4F7D-862B-1AB602C150BF}.Release|x86.ActiveCfg = Release|x86
		{E00FF039-A404-4F7D-862B-1AB602C150BF}.Release|x86.Build.0 = Release|x86
		{F7DBB8CB-7B0B-40EA-BF65-A9F2668BE450}.Debug|x86.ActiveCfg = Debug|Any CPU
		{F7DBB8CB-7B0B-40EA-BF65-A9F2668BE450}.Debug|x86.Build.0 = Debug|Any CPU
		{F7DBB8CB-7B0B-40EA-BF65-A9F2668BE450}.Release|x86.ActiveCfg = Release|Any CPU
		{F7DBB8CB-7B0B-40EA-BF65-A9F2668BE450}.Release|x86.Build.0 = Release|Any CPU
	EndGlobalSection
	GlobalSection(NestedProjects) = preSolution
		{B9876312-84C9-4ECF-A245-B20AEA535B96} = {01C11865-2A85-4386-935C-E28B9E8B2612}
		{3F04C173-401B-4719-83DF-A36B79A01EFE} = {01C11865-2A85-4386-935C-E28B9E8B2612}
		{D11FCD84-F7BD-47D9-A9F4-216319B5351C} = {01C11865-2A85-4386-935C-E28B9E8B2612}
		{878F603F-60EC-4D2D-9FA0-07126F3B5D16} = {01C11865-2A85-4386-935C-E28B9E8B2612}
		{A04A0908-E383-4ED9-9DBA-FB1B63041CB4} = {01C11865-2A85-4386-935C-E28B9E8B2612}
		{9FF7431C-7CEC-4806-8242-7766EFB8DF5D} = {01C11865-2A85-4386-935C-E28B9E8B2612}
		{026DC0D9-1F00-4D35-BE7E-D9A99688E98E} = {01C11865-2A85-4386-935C-E28B9E8B2612}
		{6C81B0AE-623A-451B-AD77-23E5145D7024} = {01C11865-2A85-4386-935C-E28B9E8B2612}
		{ACBCBE19-9467-4461-A45E-5E1BF018384A} = {01C11865-2A85-4386-935C-E28B9E8B2612}
		{07B238DC-8029-4EE9-BDE7-A97AFDC6A4A1} = {01C11865-2A85-4386-935C-E28B9E8B2612}
		{E00FF039-A404-4F7D-862B-1AB602C150BF} = {01C11865-2A85-4386-935C-E28B9E8B2612}
		{C78868AA-CE73-4D41-88FA-DFDF90EC872F} = {01C11865-2A85-4386-935C-E28B9E8B2612}
		{D061CFA2-7B07-4A73-90EA-160E26C223CF} = {01C11865-2A85-4386-935C-E28B9E8B2612}
		{174A1FE1-288F-4D0D-948C-5A51E1A7261F} = {01C11865-2A85-4386-935C-E28B9E8B2612}
		{6642D4DE-6E22-4195-A4A2-895D0B0B3A9A} = {01C11865-2A85-4386-935C-E28B9E8B2612}
		{58368399-DAF0-45E2-8F65-E51CE54EDA6C} = {01C11865-2A85-4386-935C-E28B9E8B2612}
		{24B62596-24A3-4331-A1D5-704CE2A68383} = {01C11865-2A85-4386-935C-E28B9E8B2612}
		{784045B2-20AA-47E9-8362-D655EA5A1983} = {01C11865-2A85-4386-935C-E28B9E8B2612}
		{35EB45A4-41A2-4B1D-A17C-532725B11A38} = {01C11865-2A85-4386-935C-E28B9E8B2612}
		{08E9CE19-EC35-4EA5-84E2-ABEF3D30CFEB} = {01C11865-2A85-4386-935C-E28B9E8B2612}
		{0DB762BB-0EEF-42E9-9851-7C92D0871829} = {01C11865-2A85-4386-935C-E28B9E8B2612}
	EndGlobalSection
	GlobalSection(MonoDevelopProperties) = preSolution
		StartupItem = YOM2013\YOM2013.csproj
	EndGlobalSection
EndGlobal
